{
  "object": {
    "pins": [
      {
        "package": "Facebook",
        "repositoryURL": "https://github.com/facebook/facebook-ios-sdk.git",
        "state": {
          "branch": null,
          "revision": "cdb8c71fb7f22b4f1af05c21246c12c1aa49f89e",
          "version": "6.5.2"
        }
      },
      {
        "package": "iOSSignIn",
        "repositoryURL": "https://github.com/SyncServerII/iOSSignIn.git",
        "state": {
          "branch": "master",
          "revision": "9a206671abe8b1f68eb734621cfb76810c477cd0",
          "version": null
        }
      }
    ]
  },
  "version": 1
}
